Microsoft Visual Studio Solution File, Format Version 12.00
# Visual Studio Version 17
VisualStudioVersion = 17.7.34202.233
MinimumVisualStudioVersion = 10.0.40219.1
Project("{9A19103F-16F7-4668-BE54-9A1E7A4F7556}") = "AzzyBot", "AzzyBot\AzzyBot.csproj", "{91AAAF0E-4931-4247-BE86-74C595C7D5FC}"
EndProject
Project("{9A19103F-16F7-4668-BE54-9A1E7A4F7556}") = "AzzyBot-Next", "AzzyBot-Next\AzzyBot-Next.csproj", "{6B05D8A4-AC04-4EA3-B625-C69DFE68761E}"
EndProject
Project("{FAE04EC0-301F-11D3-BF4B-00C04F79EFBC}") = "AzzyBot-Next.Migrations", "AzzyBot-Next.Migrations\AzzyBot-Next.Migrations.csproj", "{0DEF20B9-FBE6-4C81-B75E-AB2F742452D2}"
EndProject
Global
	GlobalSection(SolutionConfigurationPlatforms) = preSolution
		Debug|Any CPU = Debug|Any CPU
		Debug|ARM64 = Debug|ARM64
		Debug|x64 = Debug|x64
		Docker|Any CPU = Docker|Any CPU
		Docker|ARM64 = Docker|ARM64
		Docker|x64 = Docker|x64
		Docker-debug|Any CPU = Docker-debug|Any CPU
		Docker-debug|ARM64 = Docker-debug|ARM64
		Docker-debug|x64 = Docker-debug|x64
		Release|Any CPU = Release|Any CPU
		Release|ARM64 = Release|ARM64
		Release|x64 = Release|x64
	EndGlobalSection
	GlobalSection(ProjectConfigurationPlatforms) = postSolution
		{0DEF20B9-FBE6-4C81-B75E-AB2F742452D2}.Debug|Any CPU.ActiveCfg = Debug|Any CPU
		{0DEF20B9-FBE6-4C81-B75E-AB2F742452D2}.Debug|Any CPU.Build.0 = Debug|Any CPU
		{0DEF20B9-FBE6-4C81-B75E-AB2F742452D2}.Debug|ARM64.ActiveCfg = Debug|Any CPU
		{0DEF20B9-FBE6-4C81-B75E-AB2F742452D2}.Debug|ARM64.Build.0 = Debug|Any CPU
		{0DEF20B9-FBE6-4C81-B75E-AB2F742452D2}.Debug|x64.ActiveCfg = Debug|Any CPU
		{0DEF20B9-FBE6-4C81-B75E-AB2F742452D2}.Debug|x64.Build.0 = Debug|Any CPU
		{0DEF20B9-FBE6-4C81-B75E-AB2F742452D2}.Docker|Any CPU.ActiveCfg = Debug|Any CPU
		{0DEF20B9-FBE6-4C81-B75E-AB2F742452D2}.Docker|Any CPU.Build.0 = Debug|Any CPU
		{0DEF20B9-FBE6-4C81-B75E-AB2F742452D2}.Docker|ARM64.ActiveCfg = Debug|Any CPU
		{0DEF20B9-FBE6-4C81-B75E-AB2F742452D2}.Docker|ARM64.Build.0 = Debug|Any CPU
		{0DEF20B9-FBE6-4C81-B75E-AB2F742452D2}.Docker|x64.ActiveCfg = Debug|Any CPU
		{0DEF20B9-FBE6-4C81-B75E-AB2F742452D2}.Docker|x64.Build.0 = Debug|Any CPU
		{0DEF20B9-FBE6-4C81-B75E-AB2F742452D2}.Docker-debug|Any CPU.ActiveCfg = Debug|Any CPU
		{0DEF20B9-FBE6-4C81-B75E-AB2F742452D2}.Docker-debug|Any CPU.Build.0 = Debug|Any CPU
		{0DEF20B9-FBE6-4C81-B75E-AB2F742452D2}.Docker-debug|ARM64.ActiveCfg = Debug|Any CPU
		{0DEF20B9-FBE6-4C81-B75E-AB2F742452D2}.Docker-debug|ARM64.Build.0 = Debug|Any CPU
		{0DEF20B9-FBE6-4C81-B75E-AB2F742452D2}.Docker-debug|x64.ActiveCfg = Debug|Any CPU
		{0DEF20B9-FBE6-4C81-B75E-AB2F742452D2}.Docker-debug|x64.Build.0 = Debug|Any CPU
		{0DEF20B9-FBE6-4C81-B75E-AB2F742452D2}.Release|Any CPU.ActiveCfg = Release|Any CPU
		{0DEF20B9-FBE6-4C81-B75E-AB2F742452D2}.Release|Any CPU.Build.0 = Release|Any CPU
		{0DEF20B9-FBE6-4C81-B75E-AB2F742452D2}.Release|ARM64.ActiveCfg = Release|Any CPU
		{0DEF20B9-FBE6-4C81-B75E-AB2F742452D2}.Release|ARM64.Build.0 = Release|Any CPU
		{0DEF20B9-FBE6-4C81-B75E-AB2F742452D2}.Release|x64.ActiveCfg = Release|Any CPU
		{0DEF20B9-FBE6-4C81-B75E-AB2F742452D2}.Release|x64.Build.0 = Release|Any CPU
		{6B05D8A4-AC04-4EA3-B625-C69DFE68761E}.Debug|Any CPU.ActiveCfg = Debug|Any CPU
		{6B05D8A4-AC04-4EA3-B625-C69DFE68761E}.Debug|Any CPU.Build.0 = Debug|Any CPU
		{6B05D8A4-AC04-4EA3-B625-C69DFE68761E}.Debug|ARM64.ActiveCfg = Debug|Any CPU
		{6B05D8A4-AC04-4EA3-B625-C69DFE68761E}.Debug|ARM64.Build.0 = Debug|Any CPU
		{6B05D8A4-AC04-4EA3-B625-C69DFE68761E}.Debug|x64.ActiveCfg = Debug|x64
		{6B05D8A4-AC04-4EA3-B625-C69DFE68761E}.Debug|x64.Build.0 = Debug|x64
		{6B05D8A4-AC04-4EA3-B625-C69DFE68761E}.Docker|Any CPU.ActiveCfg = Docker|Any CPU
		{6B05D8A4-AC04-4EA3-B625-C69DFE68761E}.Docker|Any CPU.Build.0 = Docker|Any CPU
		{6B05D8A4-AC04-4EA3-B625-C69DFE68761E}.Docker|ARM64.ActiveCfg = Docker|Any CPU
		{6B05D8A4-AC04-4EA3-B625-C69DFE68761E}.Docker|ARM64.Build.0 = Docker|Any CPU
		{6B05D8A4-AC04-4EA3-B625-C69DFE68761E}.Docker|x64.ActiveCfg = Docker|Any CPU
		{6B05D8A4-AC04-4EA3-B625-C69DFE68761E}.Docker|x64.Build.0 = Docker|Any CPU
		{6B05D8A4-AC04-4EA3-B625-C69DFE68761E}.Docker-debug|Any CPU.ActiveCfg = Docker-debug|Any CPU
		{6B05D8A4-AC04-4EA3-B625-C69DFE68761E}.Docker-debug|Any CPU.Build.0 = Docker-debug|Any CPU
		{6B05D8A4-AC04-4EA3-B625-C69DFE68761E}.Docker-debug|ARM64.ActiveCfg = Docker-debug|ARM64
		{6B05D8A4-AC04-4EA3-B625-C69DFE68761E}.Docker-debug|ARM64.Build.0 = Docker-debug|ARM64
		{6B05D8A4-AC04-4EA3-B625-C69DFE68761E}.Docker-debug|x64.ActiveCfg = Docker-debug|x64
		{6B05D8A4-AC04-4EA3-B625-C69DFE68761E}.Docker-debug|x64.Build.0 = Docker-debug|x64
		{6B05D8A4-AC04-4EA3-B625-C69DFE68761E}.Release|Any CPU.ActiveCfg = Release|Any CPU
		{6B05D8A4-AC04-4EA3-B625-C69DFE68761E}.Release|Any CPU.Build.0 = Release|Any CPU
		{6B05D8A4-AC04-4EA3-B625-C69DFE68761E}.Release|ARM64.ActiveCfg = Release|Any CPU
		{6B05D8A4-AC04-4EA3-B625-C69DFE68761E}.Release|ARM64.Build.0 = Release|Any CPU
		{6B05D8A4-AC04-4EA3-B625-C69DFE68761E}.Release|x64.ActiveCfg = Release|Any CPU
		{6B05D8A4-AC04-4EA3-B625-C69DFE68761E}.Release|x64.Build.0 = Release|Any CPU
		{91AAAF0E-4931-4247-BE86-74C595C7D5FC}.Debug|Any CPU.ActiveCfg = Debug|Any CPU
		{91AAAF0E-4931-4247-BE86-74C595C7D5FC}.Debug|Any CPU.Build.0 = Debug|Any CPU
		{91AAAF0E-4931-4247-BE86-74C595C7D5FC}.Debug|ARM64.ActiveCfg = Debug|ARM64
		{91AAAF0E-4931-4247-BE86-74C595C7D5FC}.Debug|ARM64.Build.0 = Debug|ARM64
		{91AAAF0E-4931-4247-BE86-74C595C7D5FC}.Debug|x64.ActiveCfg = Debug|x64
		{91AAAF0E-4931-4247-BE86-74C595C7D5FC}.Debug|x64.Build.0 = Debug|x64
		{91AAAF0E-4931-4247-BE86-74C595C7D5FC}.Docker|Any CPU.ActiveCfg = Docker|Any CPU
		{91AAAF0E-4931-4247-BE86-74C595C7D5FC}.Docker|Any CPU.Build.0 = Docker|Any CPU
		{91AAAF0E-4931-4247-BE86-74C595C7D5FC}.Docker|ARM64.ActiveCfg = Docker|ARM64
		{91AAAF0E-4931-4247-BE86-74C595C7D5FC}.Docker|ARM64.Build.0 = Docker|ARM64
		{91AAAF0E-4931-4247-BE86-74C595C7D5FC}.Docker|x64.ActiveCfg = Docker|x64
		{91AAAF0E-4931-4247-BE86-74C595C7D5FC}.Docker|x64.Build.0 = Docker|x64
		{91AAAF0E-4931-4247-BE86-74C595C7D5FC}.Docker-debug|Any CPU.ActiveCfg = Docker-debug|Any CPU
		{91AAAF0E-4931-4247-BE86-74C595C7D5FC}.Docker-debug|Any CPU.Build.0 = Docker-debug|Any CPU
		{91AAAF0E-4931-4247-BE86-74C595C7D5FC}.Docker-debug|ARM64.ActiveCfg = Docker-debug|ARM64
		{91AAAF0E-4931-4247-BE86-74C595C7D5FC}.Docker-debug|ARM64.Build.0 = Docker-debug|ARM64
		{91AAAF0E-4931-4247-BE86-74C595C7D5FC}.Docker-debug|x64.ActiveCfg = Docker-debug|x64
		{91AAAF0E-4931-4247-BE86-74C595C7D5FC}.Docker-debug|x64.Build.0 = Docker-debug|x64
		{91AAAF0E-4931-4247-BE86-74C595C7D5FC}.Release|Any CPU.ActiveCfg = Release|Any CPU
		{91AAAF0E-4931-4247-BE86-74C595C7D5FC}.Release|Any CPU.Build.0 = Release|Any CPU
		{91AAAF0E-4931-4247-BE86-74C595C7D5FC}.Release|ARM64.ActiveCfg = Release|ARM64
		{91AAAF0E-4931-4247-BE86-74C595C7D5FC}.Release|ARM64.Build.0 = Release|ARM64
		{91AAAF0E-4931-4247-BE86-74C595C7D5FC}.Release|x64.ActiveCfg = Release|x64
		{91AAAF0E-4931-4247-BE86-74C595C7D5FC}.Release|x64.Build.0 = Release|x64
	EndGlobalSection
	GlobalSection(SolutionProperties) = preSolution
		HideSolutionNode = FALSE
	EndGlobalSection
	GlobalSection(ExtensibilityGlobals) = postSolution
		SolutionGuid = {6B9C81DB-85AE-4DBE-8FCC-6796CC402B49}
	EndGlobalSection
EndGlobal
