
Microsoft Visual Studio Solution File, Format Version 12.00
# 17
VisualStudioVersion = 17.7.34202.233
MinimumVisualStudioVersion = 10.0.40219.1
Project("{9A19103F-16F7-4668-BE54-9A1E7A4F7556}") = "AzzyBot", "src\AzzyBot\AzzyBot.csproj", "{91AAAF0E-4931-4247-BE86-74C595C7D5FC}"
EndProject
Project("{9A19103F-16F7-4668-BE54-9A1E7A4F7556}") = "AzzyBot-Next.Bot", "src\AzzyBot-Next.Bot\AzzyBot-Next.Bot.csproj", "{6B05D8A4-AC04-4EA3-B625-C69DFE68761E}"
EndProject
Project("{9A19103F-16F7-4668-BE54-9A1E7A4F7556}") = "AzzyBot-Next.Data", "src\AzzyBot-Next.Data\AzzyBot-Next.Data.csproj", "{AEE73B92-94B6-4F6A-B29B-19C363B3D305}"
EndProject
Project("{9A19103F-16F7-4668-BE54-9A1E7A4F7556}") = "AzzyBot-Next.Core", "src\AzzyBot-Next.Core\AzzyBot-Next.Core.csproj", "{F2B56EF4-FC0A-4DC8-8C71-D8245EC562BF}"
EndProject
Global
	GlobalSection(SolutionConfigurationPlatforms) = preSolution
		Debug|Any CPU = Debug|Any CPU
		Debug|ARM64 = Debug|ARM64
		Debug|x64 = Debug|x64
		Docker|Any CPU = Docker|Any CPU
		Docker|ARM64 = Docker|ARM64
		Docker|x64 = Docker|x64
		Docker-debug|Any CPU = Docker-debug|Any CPU
		Docker-debug|ARM64 = Docker-debug|ARM64
		Docker-debug|x64 = Docker-debug|x64
		Release|Any CPU = Release|Any CPU
		Release|ARM64 = Release|ARM64
		Release|x64 = Release|x64
	EndGlobalSection
	GlobalSection(ProjectConfigurationPlatforms) = postSolution
		{91AAAF0E-4931-4247-BE86-74C595C7D5FC}.Debug|Any CPU.ActiveCfg = Debug|Any CPU
		{91AAAF0E-4931-4247-BE86-74C595C7D5FC}.Debug|ARM64.ActiveCfg = Debug|ARM64
		{91AAAF0E-4931-4247-BE86-74C595C7D5FC}.Debug|x64.ActiveCfg = Debug|x64
		{91AAAF0E-4931-4247-BE86-74C595C7D5FC}.Docker|Any CPU.ActiveCfg = Docker|Any CPU
		{91AAAF0E-4931-4247-BE86-74C595C7D5FC}.Docker|ARM64.ActiveCfg = Docker|ARM64
		{91AAAF0E-4931-4247-BE86-74C595C7D5FC}.Docker|x64.ActiveCfg = Docker|x64
		{91AAAF0E-4931-4247-BE86-74C595C7D5FC}.Docker-debug|Any CPU.ActiveCfg = Docker-debug|Any CPU
		{91AAAF0E-4931-4247-BE86-74C595C7D5FC}.Docker-debug|ARM64.ActiveCfg = Docker-debug|ARM64
		{91AAAF0E-4931-4247-BE86-74C595C7D5FC}.Docker-debug|x64.ActiveCfg = Docker-debug|x64
		{91AAAF0E-4931-4247-BE86-74C595C7D5FC}.Release|Any CPU.ActiveCfg = Release|Any CPU
		{91AAAF0E-4931-4247-BE86-74C595C7D5FC}.Release|ARM64.ActiveCfg = Release|ARM64
		{91AAAF0E-4931-4247-BE86-74C595C7D5FC}.Release|x64.ActiveCfg = Release|x64
		{6B05D8A4-AC04-4EA3-B625-C69DFE68761E}.Debug|Any CPU.ActiveCfg = Debug|Any CPU
		{6B05D8A4-AC04-4EA3-B625-C69DFE68761E}.Debug|Any CPU.Build.0 = Debug|Any CPU
		{6B05D8A4-AC04-4EA3-B625-C69DFE68761E}.Debug|ARM64.ActiveCfg = Debug|Any CPU
		{6B05D8A4-AC04-4EA3-B625-C69DFE68761E}.Debug|ARM64.Build.0 = Debug|Any CPU
		{6B05D8A4-AC04-4EA3-B625-C69DFE68761E}.Debug|x64.ActiveCfg = Debug|Any CPU
		{6B05D8A4-AC04-4EA3-B625-C69DFE68761E}.Debug|x64.Build.0 = Debug|Any CPU
		{6B05D8A4-AC04-4EA3-B625-C69DFE68761E}.Docker|Any CPU.ActiveCfg = Docker|Any CPU
		{6B05D8A4-AC04-4EA3-B625-C69DFE68761E}.Docker|Any CPU.Build.0 = Docker|Any CPU
		{6B05D8A4-AC04-4EA3-B625-C69DFE68761E}.Docker|ARM64.ActiveCfg = Docker|Any CPU
		{6B05D8A4-AC04-4EA3-B625-C69DFE68761E}.Docker|ARM64.Build.0 = Docker|Any CPU
		{6B05D8A4-AC04-4EA3-B625-C69DFE68761E}.Docker|x64.ActiveCfg = Docker|Any CPU
		{6B05D8A4-AC04-4EA3-B625-C69DFE68761E}.Docker|x64.Build.0 = Docker|Any CPU
		{6B05D8A4-AC04-4EA3-B625-C69DFE68761E}.Docker-debug|Any CPU.ActiveCfg = Docker-debug|Any CPU
		{6B05D8A4-AC04-4EA3-B625-C69DFE68761E}.Docker-debug|Any CPU.Build.0 = Docker-debug|Any CPU
		{6B05D8A4-AC04-4EA3-B625-C69DFE68761E}.Docker-debug|ARM64.ActiveCfg = Docker-debug|ARM64
		{6B05D8A4-AC04-4EA3-B625-C69DFE68761E}.Docker-debug|ARM64.Build.0 = Docker-debug|ARM64
		{6B05D8A4-AC04-4EA3-B625-C69DFE68761E}.Docker-debug|x64.ActiveCfg = Docker-debug|Any CPU
		{6B05D8A4-AC04-4EA3-B625-C69DFE68761E}.Docker-debug|x64.Build.0 = Docker-debug|Any CPU
		{6B05D8A4-AC04-4EA3-B625-C69DFE68761E}.Release|Any CPU.ActiveCfg = Release|Any CPU
		{6B05D8A4-AC04-4EA3-B625-C69DFE68761E}.Release|Any CPU.Build.0 = Release|Any CPU
		{6B05D8A4-AC04-4EA3-B625-C69DFE68761E}.Release|ARM64.ActiveCfg = Release|Any CPU
		{6B05D8A4-AC04-4EA3-B625-C69DFE68761E}.Release|ARM64.Build.0 = Release|Any CPU
		{6B05D8A4-AC04-4EA3-B625-C69DFE68761E}.Release|x64.ActiveCfg = Release|Any CPU
		{6B05D8A4-AC04-4EA3-B625-C69DFE68761E}.Release|x64.Build.0 = Release|Any CPU
		{AEE73B92-94B6-4F6A-B29B-19C363B3D305}.Debug|Any CPU.ActiveCfg = Debug|Any CPU
		{AEE73B92-94B6-4F6A-B29B-19C363B3D305}.Debug|Any CPU.Build.0 = Debug|Any CPU
		{AEE73B92-94B6-4F6A-B29B-19C363B3D305}.Debug|ARM64.ActiveCfg = Debug|Any CPU
		{AEE73B92-94B6-4F6A-B29B-19C363B3D305}.Debug|ARM64.Build.0 = Debug|Any CPU
		{AEE73B92-94B6-4F6A-B29B-19C363B3D305}.Debug|x64.ActiveCfg = Debug|Any CPU
		{AEE73B92-94B6-4F6A-B29B-19C363B3D305}.Debug|x64.Build.0 = Debug|Any CPU
		{AEE73B92-94B6-4F6A-B29B-19C363B3D305}.Docker|Any CPU.ActiveCfg = Debug|Any CPU
		{AEE73B92-94B6-4F6A-B29B-19C363B3D305}.Docker|Any CPU.Build.0 = Debug|Any CPU
		{AEE73B92-94B6-4F6A-B29B-19C363B3D305}.Docker|ARM64.ActiveCfg = Debug|Any CPU
		{AEE73B92-94B6-4F6A-B29B-19C363B3D305}.Docker|ARM64.Build.0 = Debug|Any CPU
		{AEE73B92-94B6-4F6A-B29B-19C363B3D305}.Docker|x64.ActiveCfg = Debug|Any CPU
		{AEE73B92-94B6-4F6A-B29B-19C363B3D305}.Docker|x64.Build.0 = Debug|Any CPU
		{AEE73B92-94B6-4F6A-B29B-19C363B3D305}.Docker-debug|Any CPU.ActiveCfg = Debug|Any CPU
		{AEE73B92-94B6-4F6A-B29B-19C363B3D305}.Docker-debug|Any CPU.Build.0 = Debug|Any CPU
		{AEE73B92-94B6-4F6A-B29B-19C363B3D305}.Docker-debug|ARM64.ActiveCfg = Debug|Any CPU
		{AEE73B92-94B6-4F6A-B29B-19C363B3D305}.Docker-debug|ARM64.Build.0 = Debug|Any CPU
		{AEE73B92-94B6-4F6A-B29B-19C363B3D305}.Docker-debug|x64.ActiveCfg = Debug|Any CPU
		{AEE73B92-94B6-4F6A-B29B-19C363B3D305}.Docker-debug|x64.Build.0 = Debug|Any CPU
		{AEE73B92-94B6-4F6A-B29B-19C363B3D305}.Release|Any CPU.ActiveCfg = Release|Any CPU
		{AEE73B92-94B6-4F6A-B29B-19C363B3D305}.Release|Any CPU.Build.0 = Release|Any CPU
		{AEE73B92-94B6-4F6A-B29B-19C363B3D305}.Release|ARM64.ActiveCfg = Release|Any CPU
		{AEE73B92-94B6-4F6A-B29B-19C363B3D305}.Release|ARM64.Build.0 = Release|Any CPU
		{AEE73B92-94B6-4F6A-B29B-19C363B3D305}.Release|x64.ActiveCfg = Release|Any CPU
		{AEE73B92-94B6-4F6A-B29B-19C363B3D305}.Release|x64.Build.0 = Release|Any CPU
		{F2B56EF4-FC0A-4DC8-8C71-D8245EC562BF}.Debug|Any CPU.ActiveCfg = Debug|Any CPU
		{F2B56EF4-FC0A-4DC8-8C71-D8245EC562BF}.Debug|Any CPU.Build.0 = Debug|Any CPU
		{F2B56EF4-FC0A-4DC8-8C71-D8245EC562BF}.Debug|ARM64.ActiveCfg = Debug|Any CPU
		{F2B56EF4-FC0A-4DC8-8C71-D8245EC562BF}.Debug|ARM64.Build.0 = Debug|Any CPU
		{F2B56EF4-FC0A-4DC8-8C71-D8245EC562BF}.Debug|x64.ActiveCfg = Debug|Any CPU
		{F2B56EF4-FC0A-4DC8-8C71-D8245EC562BF}.Debug|x64.Build.0 = Debug|Any CPU
		{F2B56EF4-FC0A-4DC8-8C71-D8245EC562BF}.Docker|Any CPU.ActiveCfg = Debug|Any CPU
		{F2B56EF4-FC0A-4DC8-8C71-D8245EC562BF}.Docker|Any CPU.Build.0 = Debug|Any CPU
		{F2B56EF4-FC0A-4DC8-8C71-D8245EC562BF}.Docker|ARM64.ActiveCfg = Debug|Any CPU
		{F2B56EF4-FC0A-4DC8-8C71-D8245EC562BF}.Docker|ARM64.Build.0 = Debug|Any CPU
		{F2B56EF4-FC0A-4DC8-8C71-D8245EC562BF}.Docker|x64.ActiveCfg = Debug|Any CPU
		{F2B56EF4-FC0A-4DC8-8C71-D8245EC562BF}.Docker|x64.Build.0 = Debug|Any CPU
		{F2B56EF4-FC0A-4DC8-8C71-D8245EC562BF}.Docker-debug|Any CPU.ActiveCfg = Debug|Any CPU
		{F2B56EF4-FC0A-4DC8-8C71-D8245EC562BF}.Docker-debug|Any CPU.Build.0 = Debug|Any CPU
		{F2B56EF4-FC0A-4DC8-8C71-D8245EC562BF}.Docker-debug|ARM64.ActiveCfg = Debug|Any CPU
		{F2B56EF4-FC0A-4DC8-8C71-D8245EC562BF}.Docker-debug|ARM64.Build.0 = Debug|Any CPU
		{F2B56EF4-FC0A-4DC8-8C71-D8245EC562BF}.Docker-debug|x64.ActiveCfg = Debug|Any CPU
		{F2B56EF4-FC0A-4DC8-8C71-D8245EC562BF}.Docker-debug|x64.Build.0 = Debug|Any CPU
		{F2B56EF4-FC0A-4DC8-8C71-D8245EC562BF}.Release|Any CPU.ActiveCfg = Release|Any CPU
		{F2B56EF4-FC0A-4DC8-8C71-D8245EC562BF}.Release|Any CPU.Build.0 = Release|Any CPU
		{F2B56EF4-FC0A-4DC8-8C71-D8245EC562BF}.Release|ARM64.ActiveCfg = Release|Any CPU
		{F2B56EF4-FC0A-4DC8-8C71-D8245EC562BF}.Release|ARM64.Build.0 = Release|Any CPU
		{F2B56EF4-FC0A-4DC8-8C71-D8245EC562BF}.Release|x64.ActiveCfg = Release|Any CPU
		{F2B56EF4-FC0A-4DC8-8C71-D8245EC562BF}.Release|x64.Build.0 = Release|Any CPU
	EndGlobalSection
	GlobalSection(SolutionProperties) = preSolution
		HideSolutionNode = FALSE
	EndGlobalSection
	GlobalSection(ExtensibilityGlobals) = postSolution
		SolutionGuid = {6B9C81DB-85AE-4DBE-8FCC-6796CC402B49}
	EndGlobalSection
EndGlobal
